// !$*UTF8*$!
{
	archiveVersion = 1;
	classes = {
	};
	objectVersion = 48;
	objects = {

/* Begin PBXBuildFile section */
		895D789C1FEC7E4700E2DD23 /* AppDelegate.swift in Sources */ = {isa = PBXBuildFile; fileRef = 895D789B1FEC7E4700E2DD23 /* AppDelegate.swift */; };
		895D78A11FEC7E4700E2DD23 /* Main.storyboard in Resources */ = {isa = PBXBuildFile; fileRef = 895D789F1FEC7E4700E2DD23 /* Main.storyboard */; };
		895D78A31FEC7E4700E2DD23 /* Assets.xcassets in Resources */ = {isa = PBXBuildFile; fileRef = 895D78A21FEC7E4700E2DD23 /* Assets.xcassets */; };
		895D78A61FEC7E4700E2DD23 /* LaunchScreen.storyboard in Resources */ = {isa = PBXBuildFile; fileRef = 895D78A41FEC7E4700E2DD23 /* LaunchScreen.storyboard */; };
		895D78B31FEC803700E2DD23 /* PermissionsController.swift in Sources */ = {isa = PBXBuildFile; fileRef = 895D78B21FEC803700E2DD23 /* PermissionsController.swift */; };
		895EA86B1FEDC0D3006951AD /* YelpSearchController.swift in Sources */ = {isa = PBXBuildFile; fileRef = 895EA86A1FEDC0D3006951AD /* YelpSearchController.swift */; };
		89661067200001900010CB9C /* OAuth2.framework in Frameworks */ = {isa = PBXBuildFile; fileRef = 89661066200001900010CB9C /* OAuth2.framework */; };
		89F98DD01FEEE2A200537E2D /* YelpSearchResultsDataSource.swift in Sources */ = {isa = PBXBuildFile; fileRef = 89F98DCF1FEEE2A200537E2D /* YelpSearchResultsDataSource.swift */; };
		89F98DD21FEEF03700537E2D /* YelpBusiness.swift in Sources */ = {isa = PBXBuildFile; fileRef = 89F98DD11FEEF03700537E2D /* YelpBusiness.swift */; };
		89F98DD41FEEF08F00537E2D /* JSONDecodable.swift in Sources */ = {isa = PBXBuildFile; fileRef = 89F98DD31FEEF08F00537E2D /* JSONDecodable.swift */; };
		89F98DD61FEF084500537E2D /* YelpBusinessDetailController.swift in Sources */ = {isa = PBXBuildFile; fileRef = 89F98DD51FEF084500537E2D /* YelpBusinessDetailController.swift */; };
		89F98DD81FEF0C8700537E2D /* YelpBusinessDetailViewModel.swift in Sources */ = {isa = PBXBuildFile; fileRef = 89F98DD71FEF0C8700537E2D /* YelpBusinessDetailViewModel.swift */; };
		89F98DDA1FEF318400537E2D /* YelpReviewsDataSource.swift in Sources */ = {isa = PBXBuildFile; fileRef = 89F98DD91FEF318400537E2D /* YelpReviewsDataSource.swift */; };
		89F98DDC1FEF33B500537E2D /* ReviewCell.swift in Sources */ = {isa = PBXBuildFile; fileRef = 89F98DDB1FEF33B500537E2D /* ReviewCell.swift */; };
		89F98DDE1FEF34AD00537E2D /* ReviewCellViewModel.swift in Sources */ = {isa = PBXBuildFile; fileRef = 89F98DDD1FEF34AD00537E2D /* ReviewCellViewModel.swift */; };
		89F98DE01FEF357B00537E2D /* YelpReview.swift in Sources */ = {isa = PBXBuildFile; fileRef = 89F98DDF1FEF357B00537E2D /* YelpReview.swift */; };
		89F98DE21FEF36F000537E2D /* YelpCategory.swift in Sources */ = {isa = PBXBuildFile; fileRef = 89F98DE11FEF36F000537E2D /* YelpCategory.swift */; };
		89F98DE41FEF379D00537E2D /* YelpTransaction.swift in Sources */ = {isa = PBXBuildFile; fileRef = 89F98DE31FEF379D00537E2D /* YelpTransaction.swift */; };
		89F98DE61FEF381F00537E2D /* YelpUser.swift in Sources */ = {isa = PBXBuildFile; fileRef = 89F98DE51FEF381F00537E2D /* YelpUser.swift */; };
		89F98DE81FEF3A7100537E2D /* Coordinate.swift in Sources */ = {isa = PBXBuildFile; fileRef = 89F98DE71FEF3A7100537E2D /* Coordinate.swift */; };
		89F98DEA1FEF3B0C00537E2D /* Address.swift in Sources */ = {isa = PBXBuildFile; fileRef = 89F98DE91FEF3B0C00537E2D /* Address.swift */; };
		89F98DEC1FEF3D0300537E2D /* BusinessHours.swift in Sources */ = {isa = PBXBuildFile; fileRef = 89F98DEB1FEF3D0300537E2D /* BusinessHours.swift */; };
		89F98DEE1FEF3FEB00537E2D /* Endpoint.swift in Sources */ = {isa = PBXBuildFile; fileRef = 89F98DED1FEF3FEB00537E2D /* Endpoint.swift */; };
/* End PBXBuildFile section */

/* Begin PBXFileReference section */
		895D78981FEC7E4700E2DD23 /* RestaurantReviewsII.app */ = {isa = PBXFileReference; explicitFileType = wrapper.application; includeInIndex = 0; path = RestaurantReviewsII.app; sourceTree = BUILT_PRODUCTS_DIR; };
		895D789B1FEC7E4700E2DD23 /* AppDelegate.swift */ = {isa = PBXFileReference; lastKnownFileType = sourcecode.swift; path = AppDelegate.swift; sourceTree = "<group>"; };
		895D78A01FEC7E4700E2DD23 /* Base */ = {isa = PBXFileReference; lastKnownFileType = file.storyboard; name = Base; path = Base.lproj/Main.storyboard; sourceTree = "<group>"; };
		895D78A21FEC7E4700E2DD23 /* Assets.xcassets */ = {isa = PBXFileReference; lastKnownFileType = folder.assetcatalog; path = Assets.xcassets; sourceTree = "<group>"; };
		895D78A51FEC7E4700E2DD23 /* Base */ = {isa = PBXFileReference; lastKnownFileType = file.storyboard; name = Base; path = Base.lproj/LaunchScreen.storyboard; sourceTree = "<group>"; };
		895D78A71FEC7E4700E2DD23 /* Info.plist */ = {isa = PBXFileReference; lastKnownFileType = text.plist.xml; path = Info.plist; sourceTree = "<group>"; };
		895D78B21FEC803700E2DD23 /* PermissionsController.swift */ = {isa = PBXFileReference; lastKnownFileType = sourcecode.swift; path = PermissionsController.swift; sourceTree = "<group>"; };
		895EA86A1FEDC0D3006951AD /* YelpSearchController.swift */ = {isa = PBXFileReference; lastKnownFileType = sourcecode.swift; path = YelpSearchController.swift; sourceTree = "<group>"; };
		89661066200001900010CB9C /* OAuth2.framework */ = {isa = PBXFileReference; lastKnownFileType = wrapper.framework; name = OAuth2.framework; path = Carthage/Build/iOS/OAuth2.framework; sourceTree = "<group>"; };
		89F98DCF1FEEE2A200537E2D /* YelpSearchResultsDataSource.swift */ = {isa = PBXFileReference; lastKnownFileType = sourcecode.swift; path = YelpSearchResultsDataSource.swift; sourceTree = "<group>"; };
		89F98DD11FEEF03700537E2D /* YelpBusiness.swift */ = {isa = PBXFileReference; lastKnownFileType = sourcecode.swift; path = YelpBusiness.swift; sourceTree = "<group>"; };
		89F98DD31FEEF08F00537E2D /* JSONDecodable.swift */ = {isa = PBXFileReference; lastKnownFileType = sourcecode.swift; path = JSONDecodable.swift; sourceTree = "<group>"; };
		89F98DD51FEF084500537E2D /* YelpBusinessDetailController.swift */ = {isa = PBXFileReference; lastKnownFileType = sourcecode.swift; path = YelpBusinessDetailController.swift; sourceTree = "<group>"; };
		89F98DD71FEF0C8700537E2D /* YelpBusinessDetailViewModel.swift */ = {isa = PBXFileReference; lastKnownFileType = sourcecode.swift; path = YelpBusinessDetailViewModel.swift; sourceTree = "<group>"; };
		89F98DD91FEF318400537E2D /* YelpReviewsDataSource.swift */ = {isa = PBXFileReference; lastKnownFileType = sourcecode.swift; path = YelpReviewsDataSource.swift; sourceTree = "<group>"; };
		89F98DDB1FEF33B500537E2D /* ReviewCell.swift */ = {isa = PBXFileReference; lastKnownFileType = sourcecode.swift; path = ReviewCell.swift; sourceTree = "<group>"; };
		89F98DDD1FEF34AD00537E2D /* ReviewCellViewModel.swift */ = {isa = PBXFileReference; lastKnownFileType = sourcecode.swift; path = ReviewCellViewModel.swift; sourceTree = "<group>"; };
		89F98DDF1FEF357B00537E2D /* YelpReview.swift */ = {isa = PBXFileReference; lastKnownFileType = sourcecode.swift; path = YelpReview.swift; sourceTree = "<group>"; };
		89F98DE11FEF36F000537E2D /* YelpCategory.swift */ = {isa = PBXFileReference; lastKnownFileType = sourcecode.swift; path = YelpCategory.swift; sourceTree = "<group>"; };
		89F98DE31FEF379D00537E2D /* YelpTransaction.swift */ = {isa = PBXFileReference; lastKnownFileType = sourcecode.swift; path = YelpTransaction.swift; sourceTree = "<group>"; };
		89F98DE51FEF381F00537E2D /* YelpUser.swift */ = {isa = PBXFileReference; lastKnownFileType = sourcecode.swift; path = YelpUser.swift; sourceTree = "<group>"; };
		89F98DE71FEF3A7100537E2D /* Coordinate.swift */ = {isa = PBXFileReference; lastKnownFileType = sourcecode.swift; path = Coordinate.swift; sourceTree = "<group>"; };
		89F98DE91FEF3B0C00537E2D /* Address.swift */ = {isa = PBXFileReference; lastKnownFileType = sourcecode.swift; path = Address.swift; sourceTree = "<group>"; };
		89F98DEB1FEF3D0300537E2D /* BusinessHours.swift */ = {isa = PBXFileReference; lastKnownFileType = sourcecode.swift; path = BusinessHours.swift; sourceTree = "<group>"; };
		89F98DED1FEF3FEB00537E2D /* Endpoint.swift */ = {isa = PBXFileReference; lastKnownFileType = sourcecode.swift; path = Endpoint.swift; sourceTree = "<group>"; };
/* End PBXFileReference section */

/* Begin PBXFrameworksBuildPhase section */
		895D78951FEC7E4700E2DD23 /* Frameworks */ = {
			isa = PBXFrameworksBuildPhase;
			buildActionMask = 2147483647;
			files = (
				89661067200001900010CB9C /* OAuth2.framework in Frameworks */,
			);
			runOnlyForDeploymentPostprocessing = 0;
		};
/* End PBXFrameworksBuildPhase section */

/* Begin PBXGroup section */
		895D788F1FEC7E4700E2DD23 = {
			isa = PBXGroup;
			children = (
				895D789A1FEC7E4700E2DD23 /* RestaurantReviewsII */,
				895D78991FEC7E4700E2DD23 /* Products */,
				896610652000018F0010CB9C /* Frameworks */,
			);
			sourceTree = "<group>";
		};
		895D78991FEC7E4700E2DD23 /* Products */ = {
			isa = PBXGroup;
			children = (
				895D78981FEC7E4700E2DD23 /* RestaurantReviewsII.app */,
			);
			name = Products;
			sourceTree = "<group>";
		};
		895D789A1FEC7E4700E2DD23 /* RestaurantReviewsII */ = {
			isa = PBXGroup;
			children = (
				895D78AD1FEC7F2C00E2DD23 /* Permissions */,
				895D78AE1FEC7F3600E2DD23 /* Search */,
				895D78B11FEC7FFF00E2DD23 /* BusinessDetails */,
				895D78AF1FEC7F4200E2DD23 /* Models */,
				895D78B01FEC7F4900E2DD23 /* Networking */,
				895D789B1FEC7E4700E2DD23 /* AppDelegate.swift */,
				895D789F1FEC7E4700E2DD23 /* Main.storyboard */,
				895D78A21FEC7E4700E2DD23 /* Assets.xcassets */,
				895D78A41FEC7E4700E2DD23 /* LaunchScreen.storyboard */,
				895D78A71FEC7E4700E2DD23 /* Info.plist */,
			);
			path = RestaurantReviewsII;
			sourceTree = "<group>";
		};
		895D78AD1FEC7F2C00E2DD23 /* Permissions */ = {
			isa = PBXGroup;
			children = (
				895D78B21FEC803700E2DD23 /* PermissionsController.swift */,
			);
			path = Permissions;
			sourceTree = "<group>";
		};
		895D78AE1FEC7F3600E2DD23 /* Search */ = {
			isa = PBXGroup;
			children = (
				895EA86A1FEDC0D3006951AD /* YelpSearchController.swift */,
				89F98DCF1FEEE2A200537E2D /* YelpSearchResultsDataSource.swift */,
			);
			path = Search;
			sourceTree = "<group>";
		};
		895D78AF1FEC7F4200E2DD23 /* Models */ = {
			isa = PBXGroup;
			children = (
				89F98DD11FEEF03700537E2D /* YelpBusiness.swift */,
				89F98DDF1FEF357B00537E2D /* YelpReview.swift */,
				89F98DE11FEF36F000537E2D /* YelpCategory.swift */,
				89F98DE31FEF379D00537E2D /* YelpTransaction.swift */,
				89F98DE51FEF381F00537E2D /* YelpUser.swift */,
				89F98DE71FEF3A7100537E2D /* Coordinate.swift */,
				89F98DE91FEF3B0C00537E2D /* Address.swift */,
				89F98DEB1FEF3D0300537E2D /* BusinessHours.swift */,
			);
			path = Models;
			sourceTree = "<group>";
		};
		895D78B01FEC7F4900E2DD23 /* Networking */ = {
			isa = PBXGroup;
			children = (
				89F98DD31FEEF08F00537E2D /* JSONDecodable.swift */,
				89F98DED1FEF3FEB00537E2D /* Endpoint.swift */,
			);
			path = Networking;
			sourceTree = "<group>";
		};
		895D78B11FEC7FFF00E2DD23 /* BusinessDetails */ = {
			isa = PBXGroup;
			children = (
				89F98DD51FEF084500537E2D /* YelpBusinessDetailController.swift */,
				89F98DD71FEF0C8700537E2D /* YelpBusinessDetailViewModel.swift */,
				89F98DD91FEF318400537E2D /* YelpReviewsDataSource.swift */,
				89F98DDB1FEF33B500537E2D /* ReviewCell.swift */,
				89F98DDD1FEF34AD00537E2D /* ReviewCellViewModel.swift */,
			);
			path = BusinessDetails;
			sourceTree = "<group>";
		};
		896610652000018F0010CB9C /* Frameworks */ = {
			isa = PBXGroup;
			children = (
				89661066200001900010CB9C /* OAuth2.framework */,
			);
			name = Frameworks;
			sourceTree = "<group>";
		};
/* End PBXGroup section */

/* Begin PBXNativeTarget section */
		895D78971FEC7E4700E2DD23 /* RestaurantReviewsII */ = {
			isa = PBXNativeTarget;
			buildConfigurationList = 895D78AA1FEC7E4700E2DD23 /* Build configuration list for PBXNativeTarget "RestaurantReviewsII" */;
			buildPhases = (
				895D78941FEC7E4700E2DD23 /* Sources */,
				895D78951FEC7E4700E2DD23 /* Frameworks */,
				895D78961FEC7E4700E2DD23 /* Resources */,
				89661068200001AE0010CB9C /* ShellScript */,
			);
			buildRules = (
			);
			dependencies = (
			);
			name = RestaurantReviewsII;
			productName = RestaurantReviewsII;
			productReference = 895D78981FEC7E4700E2DD23 /* RestaurantReviewsII.app */;
			productType = "com.apple.product-type.application";
		};
/* End PBXNativeTarget section */

/* Begin PBXProject section */
		895D78901FEC7E4700E2DD23 /* Project object */ = {
			isa = PBXProject;
			attributes = {
				LastSwiftUpdateCheck = 0920;
				LastUpgradeCheck = 0920;
				ORGANIZATIONNAME = "Jeff Ripke";
				TargetAttributes = {
					895D78971FEC7E4700E2DD23 = {
						CreatedOnToolsVersion = 9.2;
						ProvisioningStyle = Automatic;
					};
				};
			};
			buildConfigurationList = 895D78931FEC7E4700E2DD23 /* Build configuration list for PBXProject "RestaurantReviewsII" */;
			compatibilityVersion = "Xcode 8.0";
			developmentRegion = en;
			hasScannedForEncodings = 0;
			knownRegions = (
				en,
				Base,
			);
			mainGroup = 895D788F1FEC7E4700E2DD23;
			productRefGroup = 895D78991FEC7E4700E2DD23 /* Products */;
			projectDirPath = "";
			projectRoot = "";
			targets = (
				895D78971FEC7E4700E2DD23 /* RestaurantReviewsII */,
			);
		};
/* End PBXProject section */

/* Begin PBXResourcesBuildPhase section */
		895D78961FEC7E4700E2DD23 /* Resources */ = {
			isa = PBXResourcesBuildPhase;
			buildActionMask = 2147483647;
			files = (
				895D78A61FEC7E4700E2DD23 /* LaunchScreen.storyboard in Resources */,
				895D78A31FEC7E4700E2DD23 /* Assets.xcassets in Resources */,
				895D78A11FEC7E4700E2DD23 /* Main.storyboard in Resources */,
			);
			runOnlyForDeploymentPostprocessing = 0;
		};
/* End PBXResourcesBuildPhase section */

/* Begin PBXShellScriptBuildPhase section */
		89661068200001AE0010CB9C /* ShellScript */ = {
			isa = PBXShellScriptBuildPhase;
			buildActionMask = 2147483647;
			files = (
			);
			inputPaths = (
				"$(SRCROOT)/Carthage/Build/iOS/OAuth2.framework",
			);
			outputPaths = (
			);
			runOnlyForDeploymentPostprocessing = 0;
			shellPath = /bin/sh;
			shellScript = "/usr/local/bin/carthage copy-frameworks";
		};
/* End PBXShellScriptBuildPhase section */

/* Begin PBXSourcesBuildPhase section */
		895D78941FEC7E4700E2DD23 /* Sources */ = {
			isa = PBXSourcesBuildPhase;
			buildActionMask = 2147483647;
			files = (
				895D78B31FEC803700E2DD23 /* PermissionsController.swift in Sources */,
				89F98DEC1FEF3D0300537E2D /* BusinessHours.swift in Sources */,
				89F98DDC1FEF33B500537E2D /* ReviewCell.swift in Sources */,
				89F98DDA1FEF318400537E2D /* YelpReviewsDataSource.swift in Sources */,
				89F98DE81FEF3A7100537E2D /* Coordinate.swift in Sources */,
				895EA86B1FEDC0D3006951AD /* YelpSearchController.swift in Sources */,
				89F98DD21FEEF03700537E2D /* YelpBusiness.swift in Sources */,
				89F98DD81FEF0C8700537E2D /* YelpBusinessDetailViewModel.swift in Sources */,
				89F98DE21FEF36F000537E2D /* YelpCategory.swift in Sources */,
				89F98DD61FEF084500537E2D /* YelpBusinessDetailController.swift in Sources */,
				89F98DE01FEF357B00537E2D /* YelpReview.swift in Sources */,
				89F98DE61FEF381F00537E2D /* YelpUser.swift in Sources */,
				89F98DEE1FEF3FEB00537E2D /* Endpoint.swift in Sources */,
				89F98DD41FEEF08F00537E2D /* JSONDecodable.swift in Sources */,
				89F98DEA1FEF3B0C00537E2D /* Address.swift in Sources */,
				895D789C1FEC7E4700E2DD23 /* AppDelegate.swift in Sources */,
				89F98DD01FEEE2A200537E2D /* YelpSearchResultsDataSource.swift in Sources */,
				89F98DE41FEF379D00537E2D /* YelpTransaction.swift in Sources */,
				89F98DDE1FEF34AD00537E2D /* ReviewCellViewModel.swift in Sources */,
			);
			runOnlyForDeploymentPostprocessing = 0;
		};
/* End PBXSourcesBuildPhase section */

/* Begin PBXVariantGroup section */
		895D789F1FEC7E4700E2DD23 /* Main.storyboard */ = {
			isa = PBXVariantGroup;
			children = (
				895D78A01FEC7E4700E2DD23 /* Base */,
			);
			name = Main.storyboard;
			sourceTree = "<group>";
		};
		895D78A41FEC7E4700E2DD23 /* LaunchScreen.storyboard */ = {
			isa = PBXVariantGroup;
			children = (
				895D78A51FEC7E4700E2DD23 /* Base */,
			);
			name = LaunchScreen.storyboard;
			sourceTree = "<group>";
		};
/* End PBXVariantGroup section */

/* Begin XCBuildConfiguration section */
		895D78A81FEC7E4700E2DD23 /* Debug */ = {
			isa = XCBuildConfiguration;
			buildSettings = {
				ALWAYS_SEARCH_USER_PATHS = NO;
				CLANG_ANALYZER_NONNULL = YES;
				CLANG_ANALYZER_NUMBER_OBJECT_CONVERSION = YES_AGGRESSIVE;
				CLANG_CXX_LANGUAGE_STANDARD = "gnu++14";
				CLANG_CXX_LIBRARY = "libc++";
				CLANG_ENABLE_MODULES = YES;
				CLANG_ENABLE_OBJC_ARC = YES;
				CLANG_WARN_BLOCK_CAPTURE_AUTORELEASING = YES;
				CLANG_WARN_BOOL_CONVERSION = YES;
				CLANG_WARN_COMMA = YES;
				CLANG_WARN_CONSTANT_CONVERSION = YES;
				CLANG_WARN_DIRECT_OBJC_ISA_USAGE = YES_ERROR;
				CLANG_WARN_DOCUMENTATION_COMMENTS = YES;
				CLANG_WARN_EMPTY_BODY = YES;
				CLANG_WARN_ENUM_CONVERSION = YES;
				CLANG_WARN_INFINITE_RECURSION = YES;
				CLANG_WARN_INT_CONVERSION = YES;
				CLANG_WARN_NON_LITERAL_NULL_CONVERSION = YES;
				CLANG_WARN_OBJC_LITERAL_CONVERSION = YES;
				CLANG_WARN_OBJC_ROOT_CLASS = YES_ERROR;
				CLANG_WARN_RANGE_LOOP_ANALYSIS = YES;
				CLANG_WARN_STRICT_PROTOTYPES = YES;
				CLANG_WARN_SUSPICIOUS_MOVE = YES;
				CLANG_WARN_UNGUARDED_AVAILABILITY = YES_AGGRESSIVE;
				CLANG_WARN_UNREACHABLE_CODE = YES;
				CLANG_WARN__DUPLICATE_METHOD_MATCH = YES;
				CODE_SIGN_IDENTITY = "iPhone Developer";
				COPY_PHASE_STRIP = NO;
				DEBUG_INFORMATION_FORMAT = dwarf;
				ENABLE_STRICT_OBJC_MSGSEND = YES;
				ENABLE_TESTABILITY = YES;
				GCC_C_LANGUAGE_STANDARD = gnu11;
				GCC_DYNAMIC_NO_PIC = NO;
				GCC_NO_COMMON_BLOCKS = YES;
				GCC_OPTIMIZATION_LEVEL = 0;
				GCC_PREPROCESSOR_DEFINITIONS = (
					"DEBUG=1",
					"$(inherited)",
				);
				GCC_WARN_64_TO_32_BIT_CONVERSION = YES;
				GCC_WARN_ABOUT_RETURN_TYPE = YES_ERROR;
				GCC_WARN_UNDECLARED_SELECTOR = YES;
				GCC_WARN_UNINITIALIZED_AUTOS = YES_AGGRESSIVE;
				GCC_WARN_UNUSED_FUNCTION = YES;
				GCC_WARN_UNUSED_VARIABLE = YES;
				IPHONEOS_DEPLOYMENT_TARGET = 11.2;
				MTL_ENABLE_DEBUG_INFO = YES;
				ONLY_ACTIVE_ARCH = YES;
				SDKROOT = iphoneos;
				SWIFT_ACTIVE_COMPILATION_CONDITIONS = DEBUG;
				SWIFT_OPTIMIZATION_LEVEL = "-Onone";
			};
			name = Debug;
		};
		895D78A91FEC7E4700E2DD23 /* Release */ = {
			isa = XCBuildConfiguration;
			buildSettings = {
				ALWAYS_SEARCH_USER_PATHS = NO;
				CLANG_ANALYZER_NONNULL = YES;
				CLANG_ANALYZER_NUMBER_OBJECT_CONVERSION = YES_AGGRESSIVE;
				CLANG_CXX_LANGUAGE_STANDARD = "gnu++14";
				CLANG_CXX_LIBRARY = "libc++";
				CLANG_ENABLE_MODULES = YES;
				CLANG_ENABLE_OBJC_ARC = YES;
				CLANG_WARN_BLOCK_CAPTURE_AUTORELEASING = YES;
				CLANG_WARN_BOOL_CONVERSION = YES;
				CLANG_WARN_COMMA = YES;
				CLANG_WARN_CONSTANT_CONVERSION = YES;
				CLANG_WARN_DIRECT_OBJC_ISA_USAGE = YES_ERROR;
				CLANG_WARN_DOCUMENTATION_COMMENTS = YES;
				CLANG_WARN_EMPTY_BODY = YES;
				CLANG_WARN_ENUM_CONVERSION = YES;
				CLANG_WARN_INFINITE_RECURSION = YES;
				CLANG_WARN_INT_CONVERSION = YES;
				CLANG_WARN_NON_LITERAL_NULL_CONVERSION = YES;
				CLANG_WARN_OBJC_LITERAL_CONVERSION = YES;
				CLANG_WARN_OBJC_ROOT_CLASS = YES_ERROR;
				CLANG_WARN_RANGE_LOOP_ANALYSIS = YES;
				CLANG_WARN_STRICT_PROTOTYPES = YES;
				CLANG_WARN_SUSPICIOUS_MOVE = YES;
				CLANG_WARN_UNGUARDED_AVAILABILITY = YES_AGGRESSIVE;
				CLANG_WARN_UNREACHABLE_CODE = YES;
				CLANG_WARN__DUPLICATE_METHOD_MATCH = YES;
				CODE_SIGN_IDENTITY = "iPhone Developer";
				COPY_PHASE_STRIP = NO;
				DEBUG_INFORMATION_FORMAT = "dwarf-with-dsym";
				ENABLE_NS_ASSERTIONS = NO;
				ENABLE_STRICT_OBJC_MSGSEND = YES;
				GCC_C_LANGUAGE_STANDARD = gnu11;
				GCC_NO_COMMON_BLOCKS = YES;
				GCC_WARN_64_TO_32_BIT_CONVERSION = YES;
				GCC_WARN_ABOUT_RETURN_TYPE = YES_ERROR;
				GCC_WARN_UNDECLARED_SELECTOR = YES;
				GCC_WARN_UNINITIALIZED_AUTOS = YES_AGGRESSIVE;
				GCC_WARN_UNUSED_FUNCTION = YES;
				GCC_WARN_UNUSED_VARIABLE = YES;
				IPHONEOS_DEPLOYMENT_TARGET = 11.2;
				MTL_ENABLE_DEBUG_INFO = NO;
				SDKROOT = iphoneos;
				SWIFT_OPTIMIZATION_LEVEL = "-Owholemodule";
				VALIDATE_PRODUCT = YES;
			};
			name = Release;
		};
		895D78AB1FEC7E4700E2DD23 /* Debug */ = {
			isa = XCBuildConfiguration;
			buildSettings = {
				ASSETCATALOG_COMPILER_APPICON_NAME = AppIcon;
				CODE_SIGN_STYLE = Automatic;
				DEVELOPMENT_TEAM = 997RL2KYD9;
				FRAMEWORK_SEARCH_PATHS = (
					"$(inherited)",
					"$(PROJECT_DIR)/Carthage/Build/iOS",
				);
				INFOPLIST_FILE = RestaurantReviewsII/Info.plist;
				LD_RUNPATH_SEARCH_PATHS = "$(inherited) @executable_path/Frameworks";
				PRODUCT_BUNDLE_IDENTIFIER = com.jeffripke.RestaurantReviewsII;
				PRODUCT_NAME = "$(TARGET_NAME)";
				SWIFT_VERSION = 4.0;
				TARGETED_DEVICE_FAMILY = "1,2";
			};
			name = Debug;
		};
		895D78AC1FEC7E4700E2DD23 /* Release */ = {
			isa = XCBuildConfiguration;
			buildSettings = {
				ASSETCATALOG_COMPILER_APPICON_NAME = AppIcon;
				CODE_SIGN_STYLE = Automatic;
				DEVELOPMENT_TEAM = 997RL2KYD9;
				FRAMEWORK_SEARCH_PATHS = (
					"$(inherited)",
					"$(PROJECT_DIR)/Carthage/Build/iOS",
				);
				INFOPLIST_FILE = RestaurantReviewsII/Info.plist;
				LD_RUNPATH_SEARCH_PATHS = "$(inherited) @executable_path/Frameworks";
				PRODUCT_BUNDLE_IDENTIFIER = com.jeffripke.RestaurantReviewsII;
				PRODUCT_NAME = "$(TARGET_NAME)";
				SWIFT_VERSION = 4.0;
				TARGETED_DEVICE_FAMILY = "1,2";
			};
			name = Release;
		};
/* End XCBuildConfiguration section */

/* Begin XCConfigurationList section */
		895D78931FEC7E4700E2DD23 /* Build configuration list for PBXProject "RestaurantReviewsII" */ = {
			isa = XCConfigurationList;
			buildConfigurations = (
				895D78A81FEC7E4700E2DD23 /* Debug */,
				895D78A91FEC7E4700E2DD23 /* Release */,
			);
			defaultConfigurationIsVisible = 0;
			defaultConfigurationName = Release;
		};
		895D78AA1FEC7E4700E2DD23 /* Build configuration list for PBXNativeTarget "RestaurantReviewsII" */ = {
			isa = XCConfigurationList;
			buildConfigurations = (
				895D78AB1FEC7E4700E2DD23 /* Debug */,
				895D78AC1FEC7E4700E2DD23 /* Release */,
			);
			defaultConfigurationIsVisible = 0;
			defaultConfigurationName = Release;
		};
/* End XCConfigurationList section */
	};
	rootObject = 895D78901FEC7E4700E2DD23 /* Project object */;
}
